
Microsoft Visual Studio Solution File, Format Version 12.00
# Visual Studio 15
VisualStudioVersion = 15.0.26228.9
MinimumVisualStudioVersion = 10.0.40219.1
Project("{FAE04EC0-301F-11D3-BF4B-00C04F79EFBC}") = "Daves.WordamentPractice", "Daves.WordamentPractice\Daves.WordamentPractice.csproj", "{05EB4A60-CB80-4E04-9251-1DD3E2794246}"
EndProject
Project("{2150E333-8FDC-42A3-9474-1A3956D46DE8}") = "Solution Items", "Solution Items", "{45C9315F-D54B-4799-B465-5D806F4D7EB4}"
	ProjectSection(SolutionItems) = preProject
		.gitignore = .gitignore
		LICENSE = LICENSE
		README.md = README.md
		SampleBoard.txt = SampleBoard.txt
	EndProjectSection
EndProject
Project("{2150E333-8FDC-42A3-9474-1A3956D46DE8}") = "Screenshots", "Screenshots", "{64DEE954-0560-416F-8B96-C32C1EF3A2C7}"
	ProjectSection(SolutionItems) = preProject
		Screenshots\Showing.png = Screenshots\Showing.png
		Screenshots\Solving.png = Screenshots\Solving.png
		Screenshots\Wonderments.png = Screenshots\Wonderments.png
	EndProjectSection
EndProject
Global
	GlobalSection(SolutionConfigurationPlatforms) = preSolution
		Debug|Any CPU = Debug|Any CPU
		Release|Any CPU = Release|Any CPU
	EndGlobalSection
	GlobalSection(ProjectConfigurationPlatforms) = postSolution
		{05EB4A60-CB80-4E04-9251-1DD3E2794246}.Debug|Any CPU.ActiveCfg = Debug|Any CPU
		{05EB4A60-CB80-4E04-9251-1DD3E2794246}.Debug|Any CPU.Build.0 = Debug|Any CPU
		{05EB4A60-CB80-4E04-9251-1DD3E2794246}.Release|Any CPU.ActiveCfg = Release|Any CPU
		{05EB4A60-CB80-4E04-9251-1DD3E2794246}.Release|Any CPU.Build.0 = Release|Any CPU
	EndGlobalSection
	GlobalSection(SolutionProperties) = preSolution
		HideSolutionNode = FALSE
	EndGlobalSection
	GlobalSection(NestedProjects) = preSolution
		{64DEE954-0560-416F-8B96-C32C1EF3A2C7} = {45C9315F-D54B-4799-B465-5D806F4D7EB4}
	EndGlobalSection
EndGlobal
