
Microsoft Visual Studio Solution File, Format Version 12.00
# Visual Studio 2012
Project("{FAE04EC0-301F-11D3-BF4B-00C04F79EFBC}") = "WordamentWPF3", "WordamentWPF3\WordamentWPF3.csproj", "{05EB4A60-CB80-4E04-9251-1DD3E2794246}"
EndProject
Global
	GlobalSection(SolutionConfigurationPlatforms) = preSolution
		Debug|Any CPU = Debug|Any CPU
		Release|Any CPU = Release|Any CPU
	EndGlobalSection
	GlobalSection(ProjectConfigurationPlatforms) = postSolution
		{05EB4A60-CB80-4E04-9251-1DD3E2794246}.Debug|Any CPU.ActiveCfg = Debug|Any CPU
		{05EB4A60-CB80-4E04-9251-1DD3E2794246}.Debug|Any CPU.Build.0 = Debug|Any CPU
		{05EB4A60-CB80-4E04-9251-1DD3E2794246}.Release|Any CPU.ActiveCfg = Release|Any CPU
		{05EB4A60-CB80-4E04-9251-1DD3E2794246}.Release|Any CPU.Build.0 = Release|Any CPU
	EndGlobalSection
	GlobalSection(SolutionProperties) = preSolution
		HideSolutionNode = FALSE
	EndGlobalSection
EndGlobal
